// !$*UTF8*$!
{
	archiveVersion = 1;
	classes = {
	};
	objectVersion = 46;
	objects = {

/* Begin PBXBuildFile section */
		6D59B7141C5CFBCC00754672 /* ImportedDataViewController.swift in Sources */ = {isa = PBXBuildFile; fileRef = 6D59B7131C5CFBCC00754672 /* ImportedDataViewController.swift */; };
		6D7E277A1C5205D60010E4B6 /* LCYCoreDataHelper.framework in Frameworks */ = {isa = PBXBuildFile; fileRef = 6D7E27791C5205D60010E4B6 /* LCYCoreDataHelper.framework */; };
		6D7E277B1C5205D60010E4B6 /* LCYCoreDataHelper.framework in Embed Frameworks */ = {isa = PBXBuildFile; fileRef = 6D7E27791C5205D60010E4B6 /* LCYCoreDataHelper.framework */; settings = {ATTRIBUTES = (CodeSignOnCopy, RemoveHeadersOnCopy, ); }; };
		6D7E27921C5215310010E4B6 /* User+CoreDataProperties.swift in Sources */ = {isa = PBXBuildFile; fileRef = 6D7E27901C5215310010E4B6 /* User+CoreDataProperties.swift */; };
		6D7E27931C5215310010E4B6 /* User.swift in Sources */ = {isa = PBXBuildFile; fileRef = 6D7E27911C5215310010E4B6 /* User.swift */; };
		6D8CECC91C54E009002BBF55 /* Product+CoreDataProperties.swift in Sources */ = {isa = PBXBuildFile; fileRef = 6D8CECC71C54E009002BBF55 /* Product+CoreDataProperties.swift */; };
		6D8CECCA1C54E009002BBF55 /* Product.swift in Sources */ = {isa = PBXBuildFile; fileRef = 6D8CECC81C54E009002BBF55 /* Product.swift */; };
		6D8CECCC1C54E3BE002BBF55 /* CoreDataTableViewController.swift in Sources */ = {isa = PBXBuildFile; fileRef = 6D8CECCB1C54E3BE002BBF55 /* CoreDataTableViewController.swift */; };
		6D8CECCE1C552780002BBF55 /* CoreDataTableViewExample.swift in Sources */ = {isa = PBXBuildFile; fileRef = 6D8CECCD1C552780002BBF55 /* CoreDataTableViewExample.swift */; };
		6DB994AD1C5B5FF5008F0F26 /* DefaultData.sqlite in Resources */ = {isa = PBXBuildFile; fileRef = 6DB994AC1C5B5FF5008F0F26 /* DefaultData.sqlite */; };
		6DBCF6891C59A33300168D5C /* Address+CoreDataProperties.swift in Sources */ = {isa = PBXBuildFile; fileRef = 6DBCF6871C59A33300168D5C /* Address+CoreDataProperties.swift */; };
		6DBCF68A1C59A33300168D5C /* Address.swift in Sources */ = {isa = PBXBuildFile; fileRef = 6DBCF6881C59A33300168D5C /* Address.swift */; };
		6DE4CF531C52041D0017B3EF /* AppDelegate.swift in Sources */ = {isa = PBXBuildFile; fileRef = 6DE4CF521C52041D0017B3EF /* AppDelegate.swift */; };
		6DE4CF551C52041D0017B3EF /* CoreDataCollectionViewExample.swift in Sources */ = {isa = PBXBuildFile; fileRef = 6DE4CF541C52041D0017B3EF /* CoreDataCollectionViewExample.swift */; };
		6DE4CF581C52041D0017B3EF /* Main.storyboard in Resources */ = {isa = PBXBuildFile; fileRef = 6DE4CF561C52041D0017B3EF /* Main.storyboard */; };
		6DE4CF5B1C52041D0017B3EF /* LCYCoreDataHelperExample.xcdatamodeld in Sources */ = {isa = PBXBuildFile; fileRef = 6DE4CF591C52041D0017B3EF /* LCYCoreDataHelperExample.xcdatamodeld */; };
		6DE4CF5D1C52041D0017B3EF /* Assets.xcassets in Resources */ = {isa = PBXBuildFile; fileRef = 6DE4CF5C1C52041D0017B3EF /* Assets.xcassets */; };
		6DE4CF601C52041D0017B3EF /* LaunchScreen.storyboard in Resources */ = {isa = PBXBuildFile; fileRef = 6DE4CF5E1C52041D0017B3EF /* LaunchScreen.storyboard */; };
		6DE4CF6B1C52041D0017B3EF /* LCYCoreDataHelperExampleTests.swift in Sources */ = {isa = PBXBuildFile; fileRef = 6DE4CF6A1C52041D0017B3EF /* LCYCoreDataHelperExampleTests.swift */; };
		6DE4CF761C52041D0017B3EF /* LCYCoreDataHelperExampleUITests.swift in Sources */ = {isa = PBXBuildFile; fileRef = 6DE4CF751C52041D0017B3EF /* LCYCoreDataHelperExampleUITests.swift */; };
		6DF2AA7E1C5530470094AA75 /* CoreDataCollectionViewControllerExample.swift in Sources */ = {isa = PBXBuildFile; fileRef = 6DF2AA7D1C5530470094AA75 /* CoreDataCollectionViewControllerExample.swift */; };
/* End PBXBuildFile section */

/* Begin PBXContainerItemProxy section */
		6DE4CF671C52041D0017B3EF /* PBXContainerItemProxy */ = {
			isa = PBXContainerItemProxy;
			containerPortal = 6DE4CF471C52041D0017B3EF /* Project object */;
			proxyType = 1;
			remoteGlobalIDString = 6DE4CF4E1C52041D0017B3EF;
			remoteInfo = LCYCoreDataHelperExample;
		};
		6DE4CF721C52041D0017B3EF /* PBXContainerItemProxy */ = {
			isa = PBXContainerItemProxy;
			containerPortal = 6DE4CF471C52041D0017B3EF /* Project object */;
			proxyType = 1;
			remoteGlobalIDString = 6DE4CF4E1C52041D0017B3EF;
			remoteInfo = LCYCoreDataHelperExample;
		};
/* End PBXContainerItemProxy section */

/* Begin PBXCopyFilesBuildPhase section */
		6D7E277C1C5205D60010E4B6 /* Embed Frameworks */ = {
			isa = PBXCopyFilesBuildPhase;
			buildActionMask = 2147483647;
			dstPath = "";
			dstSubfolderSpec = 10;
			files = (
				6D7E277B1C5205D60010E4B6 /* LCYCoreDataHelper.framework in Embed Frameworks */,
			);
			name = "Embed Frameworks";
			runOnlyForDeploymentPostprocessing = 0;
		};
/* End PBXCopyFilesBuildPhase section */

/* Begin PBXFileReference section */
		6D59B7131C5CFBCC00754672 /* ImportedDataViewController.swift */ = {isa = PBXFileReference; fileEncoding = 4; lastKnownFileType = sourcecode.swift; path = ImportedDataViewController.swift; sourceTree = "<group>"; };
		6D7E27791C5205D60010E4B6 /* LCYCoreDataHelper.framework */ = {isa = PBXFileReference; explicitFileType = wrapper.framework; name = LCYCoreDataHelper.framework; path = "/Users/leacode/Library/Developer/Xcode/DerivedData/LCYCoreDataHelper-eezrvegzvgipnfejifdpckgpxgdh/Build/Products/Debug-iphoneos/LCYCoreDataHelper.framework"; sourceTree = "<absolute>"; };
		6D7E27901C5215310010E4B6 /* User+CoreDataProperties.swift */ = {isa = PBXFileReference; fileEncoding = 4; lastKnownFileType = sourcecode.swift; path = "User+CoreDataProperties.swift"; sourceTree = "<group>"; };
		6D7E27911C5215310010E4B6 /* User.swift */ = {isa = PBXFileReference; fileEncoding = 4; lastKnownFileType = sourcecode.swift; path = User.swift; sourceTree = "<group>"; };
		6D8CECC61C54DF00002BBF55 /* LCYCoreDataHelperExample 2.xcdatamodel */ = {isa = PBXFileReference; lastKnownFileType = wrapper.xcdatamodel; path = "LCYCoreDataHelperExample 2.xcdatamodel"; sourceTree = "<group>"; };
		6D8CECC71C54E009002BBF55 /* Product+CoreDataProperties.swift */ = {isa = PBXFileReference; fileEncoding = 4; lastKnownFileType = sourcecode.swift; path = "Product+CoreDataProperties.swift"; sourceTree = "<group>"; };
		6D8CECC81C54E009002BBF55 /* Product.swift */ = {isa = PBXFileReference; fileEncoding = 4; lastKnownFileType = sourcecode.swift; path = Product.swift; sourceTree = "<group>"; };
		6D8CECCB1C54E3BE002BBF55 /* CoreDataTableViewController.swift */ = {isa = PBXFileReference; fileEncoding = 4; lastKnownFileType = sourcecode.swift; path = CoreDataTableViewController.swift; sourceTree = "<group>"; };
		6D8CECCD1C552780002BBF55 /* CoreDataTableViewExample.swift */ = {isa = PBXFileReference; fileEncoding = 4; lastKnownFileType = sourcecode.swift; path = CoreDataTableViewExample.swift; sourceTree = "<group>"; };
		6DB994AC1C5B5FF5008F0F26 /* DefaultData.sqlite */ = {isa = PBXFileReference; lastKnownFileType = file; path = DefaultData.sqlite; sourceTree = "<group>"; };
		6DBCF6871C59A33300168D5C /* Address+CoreDataProperties.swift */ = {isa = PBXFileReference; fileEncoding = 4; lastKnownFileType = sourcecode.swift; path = "Address+CoreDataProperties.swift"; sourceTree = "<group>"; };
		6DBCF6881C59A33300168D5C /* Address.swift */ = {isa = PBXFileReference; fileEncoding = 4; lastKnownFileType = sourcecode.swift; path = Address.swift; sourceTree = "<group>"; };
		6DE4CF4F1C52041D0017B3EF /* LCYCoreDataHelperExample.app */ = {isa = PBXFileReference; explicitFileType = wrapper.application; includeInIndex = 0; path = LCYCoreDataHelperExample.app; sourceTree = BUILT_PRODUCTS_DIR; };
		6DE4CF521C52041D0017B3EF /* AppDelegate.swift */ = {isa = PBXFileReference; lastKnownFileType = sourcecode.swift; path = AppDelegate.swift; sourceTree = "<group>"; };
		6DE4CF541C52041D0017B3EF /* CoreDataCollectionViewExample.swift */ = {isa = PBXFileReference; lastKnownFileType = sourcecode.swift; path = CoreDataCollectionViewExample.swift; sourceTree = "<group>"; };
		6DE4CF571C52041D0017B3EF /* Base */ = {isa = PBXFileReference; lastKnownFileType = file.storyboard; name = Base; path = Base.lproj/Main.storyboard; sourceTree = "<group>"; };
		6DE4CF5A1C52041D0017B3EF /* LCYCoreDataHelperExample.xcdatamodel */ = {isa = PBXFileReference; lastKnownFileType = wrapper.xcdatamodel; path = LCYCoreDataHelperExample.xcdatamodel; sourceTree = "<group>"; };
		6DE4CF5C1C52041D0017B3EF /* Assets.xcassets */ = {isa = PBXFileReference; lastKnownFileType = folder.assetcatalog; path = Assets.xcassets; sourceTree = "<group>"; };
		6DE4CF5F1C52041D0017B3EF /* Base */ = {isa = PBXFileReference; lastKnownFileType = file.storyboard; name = Base; path = Base.lproj/LaunchScreen.storyboard; sourceTree = "<group>"; };
		6DE4CF611C52041D0017B3EF /* Info.plist */ = {isa = PBXFileReference; lastKnownFileType = text.plist.xml; path = Info.plist; sourceTree = "<group>"; };
		6DE4CF661C52041D0017B3EF /* LCYCoreDataHelperExampleTests.xctest */ = {isa = PBXFileReference; explicitFileType = wrapper.cfbundle; includeInIndex = 0; path = LCYCoreDataHelperExampleTests.xctest; sourceTree = BUILT_PRODUCTS_DIR; };
		6DE4CF6A1C52041D0017B3EF /* LCYCoreDataHelperExampleTests.swift */ = {isa = PBXFileReference; lastKnownFileType = sourcecode.swift; path = LCYCoreDataHelperExampleTests.swift; sourceTree = "<group>"; };
		6DE4CF6C1C52041D0017B3EF /* Info.plist */ = {isa = PBXFileReference; lastKnownFileType = text.plist.xml; path = Info.plist; sourceTree = "<group>"; };
		6DE4CF711C52041D0017B3EF /* LCYCoreDataHelperExampleUITests.xctest */ = {isa = PBXFileReference; explicitFileType = wrapper.cfbundle; includeInIndex = 0; path = LCYCoreDataHelperExampleUITests.xctest; sourceTree = BUILT_PRODUCTS_DIR; };
		6DE4CF751C52041D0017B3EF /* LCYCoreDataHelperExampleUITests.swift */ = {isa = PBXFileReference; lastKnownFileType = sourcecode.swift; path = LCYCoreDataHelperExampleUITests.swift; sourceTree = "<group>"; };
		6DE4CF771C52041D0017B3EF /* Info.plist */ = {isa = PBXFileReference; lastKnownFileType = text.plist.xml; path = Info.plist; sourceTree = "<group>"; };
		6DF2AA7D1C5530470094AA75 /* CoreDataCollectionViewControllerExample.swift */ = {isa = PBXFileReference; fileEncoding = 4; lastKnownFileType = sourcecode.swift; path = CoreDataCollectionViewControllerExample.swift; sourceTree = "<group>"; };
/* End PBXFileReference section */

/* Begin PBXFrameworksBuildPhase section */
		6DE4CF4C1C52041D0017B3EF /* Frameworks */ = {
			isa = PBXFrameworksBuildPhase;
			buildActionMask = 2147483647;
			files = (
				6D7E277A1C5205D60010E4B6 /* LCYCoreDataHelper.framework in Frameworks */,
			);
			runOnlyForDeploymentPostprocessing = 0;
		};
		6DE4CF631C52041D0017B3EF /* Frameworks */ = {
			isa = PBXFrameworksBuildPhase;
			buildActionMask = 2147483647;
			files = (
			);
			runOnlyForDeploymentPostprocessing = 0;
		};
		6DE4CF6E1C52041D0017B3EF /* Frameworks */ = {
			isa = PBXFrameworksBuildPhase;
			buildActionMask = 2147483647;
			files = (
			);
			runOnlyForDeploymentPostprocessing = 0;
		};
/* End PBXFrameworksBuildPhase section */

/* Begin PBXGroup section */
		6D7E278C1C520ABF0010E4B6 /* Core Data Models */ = {
			isa = PBXGroup;
			children = (
				6DB994AC1C5B5FF5008F0F26 /* DefaultData.sqlite */,
				6DBCF6871C59A33300168D5C /* Address+CoreDataProperties.swift */,
				6DBCF6881C59A33300168D5C /* Address.swift */,
				6D8CECC71C54E009002BBF55 /* Product+CoreDataProperties.swift */,
				6D8CECC81C54E009002BBF55 /* Product.swift */,
				6D7E27901C5215310010E4B6 /* User+CoreDataProperties.swift */,
				6D7E27911C5215310010E4B6 /* User.swift */,
				6DE4CF591C52041D0017B3EF /* LCYCoreDataHelperExample.xcdatamodeld */,
			);
			name = "Core Data Models";
			sourceTree = "<group>";
		};
		6D7E278D1C520ADA0010E4B6 /* ViewControllers */ = {
			isa = PBXGroup;
			children = (
				6DE4CF541C52041D0017B3EF /* CoreDataCollectionViewExample.swift */,
				6DF2AA7D1C5530470094AA75 /* CoreDataCollectionViewControllerExample.swift */,
				6D8CECCB1C54E3BE002BBF55 /* CoreDataTableViewController.swift */,
				6D8CECCD1C552780002BBF55 /* CoreDataTableViewExample.swift */,
				6D59B7131C5CFBCC00754672 /* ImportedDataViewController.swift */,
			);
			name = ViewControllers;
			sourceTree = "<group>";
		};
		6DE4CF461C52041D0017B3EF = {
			isa = PBXGroup;
			children = (
				6D7E27791C5205D60010E4B6 /* LCYCoreDataHelper.framework */,
				6DE4CF511C52041D0017B3EF /* LCYCoreDataHelperExample */,
				6DE4CF691C52041D0017B3EF /* LCYCoreDataHelperExampleTests */,
				6DE4CF741C52041D0017B3EF /* LCYCoreDataHelperExampleUITests */,
				6DE4CF501C52041D0017B3EF /* Products */,
			);
			sourceTree = "<group>";
		};
		6DE4CF501C52041D0017B3EF /* Products */ = {
			isa = PBXGroup;
			children = (
				6DE4CF4F1C52041D0017B3EF /* LCYCoreDataHelperExample.app */,
				6DE4CF661C52041D0017B3EF /* LCYCoreDataHelperExampleTests.xctest */,
				6DE4CF711C52041D0017B3EF /* LCYCoreDataHelperExampleUITests.xctest */,
			);
			name = Products;
			sourceTree = "<group>";
		};
		6DE4CF511C52041D0017B3EF /* LCYCoreDataHelperExample */ = {
			isa = PBXGroup;
			children = (
				6DE4CF521C52041D0017B3EF /* AppDelegate.swift */,
				6D7E278C1C520ABF0010E4B6 /* Core Data Models */,
				6D7E278D1C520ADA0010E4B6 /* ViewControllers */,
				6DE4CF561C52041D0017B3EF /* Main.storyboard */,
				6DE4CF5C1C52041D0017B3EF /* Assets.xcassets */,
				6DE4CF5E1C52041D0017B3EF /* LaunchScreen.storyboard */,
				6DE4CF611C52041D0017B3EF /* Info.plist */,
			);
			path = LCYCoreDataHelperExample;
			sourceTree = "<group>";
		};
		6DE4CF691C52041D0017B3EF /* LCYCoreDataHelperExampleTests */ = {
			isa = PBXGroup;
			children = (
				6DE4CF6A1C52041D0017B3EF /* LCYCoreDataHelperExampleTests.swift */,
				6DE4CF6C1C52041D0017B3EF /* Info.plist */,
			);
			path = LCYCoreDataHelperExampleTests;
			sourceTree = "<group>";
		};
		6DE4CF741C52041D0017B3EF /* LCYCoreDataHelperExampleUITests */ = {
			isa = PBXGroup;
			children = (
				6DE4CF751C52041D0017B3EF /* LCYCoreDataHelperExampleUITests.swift */,
				6DE4CF771C52041D0017B3EF /* Info.plist */,
			);
			path = LCYCoreDataHelperExampleUITests;
			sourceTree = "<group>";
		};
/* End PBXGroup section */

/* Begin PBXNativeTarget section */
		6DE4CF4E1C52041D0017B3EF /* LCYCoreDataHelperExample */ = {
			isa = PBXNativeTarget;
			buildConfigurationList = 6DE4CF7A1C52041D0017B3EF /* Build configuration list for PBXNativeTarget "LCYCoreDataHelperExample" */;
			buildPhases = (
				6DE4CF4B1C52041D0017B3EF /* Sources */,
				6DE4CF4C1C52041D0017B3EF /* Frameworks */,
				6DE4CF4D1C52041D0017B3EF /* Resources */,
				6D7E277C1C5205D60010E4B6 /* Embed Frameworks */,
			);
			buildRules = (
			);
			dependencies = (
			);
			name = LCYCoreDataHelperExample;
			productName = LCYCoreDataHelperExample;
			productReference = 6DE4CF4F1C52041D0017B3EF /* LCYCoreDataHelperExample.app */;
			productType = "com.apple.product-type.application";
		};
		6DE4CF651C52041D0017B3EF /* LCYCoreDataHelperExampleTests */ = {
			isa = PBXNativeTarget;
			buildConfigurationList = 6DE4CF7D1C52041D0017B3EF /* Build configuration list for PBXNativeTarget "LCYCoreDataHelperExampleTests" */;
			buildPhases = (
				6DE4CF621C52041D0017B3EF /* Sources */,
				6DE4CF631C52041D0017B3EF /* Frameworks */,
				6DE4CF641C52041D0017B3EF /* Resources */,
			);
			buildRules = (
			);
			dependencies = (
				6DE4CF681C52041D0017B3EF /* PBXTargetDependency */,
			);
			name = LCYCoreDataHelperExampleTests;
			productName = LCYCoreDataHelperExampleTests;
			productReference = 6DE4CF661C52041D0017B3EF /* LCYCoreDataHelperExampleTests.xctest */;
			productType = "com.apple.product-type.bundle.unit-test";
		};
		6DE4CF701C52041D0017B3EF /* LCYCoreDataHelperExampleUITests */ = {
			isa = PBXNativeTarget;
			buildConfigurationList = 6DE4CF801C52041D0017B3EF /* Build configuration list for PBXNativeTarget "LCYCoreDataHelperExampleUITests" */;
			buildPhases = (
				6DE4CF6D1C52041D0017B3EF /* Sources */,
				6DE4CF6E1C52041D0017B3EF /* Frameworks */,
				6DE4CF6F1C52041D0017B3EF /* Resources */,
			);
			buildRules = (
			);
			dependencies = (
				6DE4CF731C52041D0017B3EF /* PBXTargetDependency */,
			);
			name = LCYCoreDataHelperExampleUITests;
			productName = LCYCoreDataHelperExampleUITests;
			productReference = 6DE4CF711C52041D0017B3EF /* LCYCoreDataHelperExampleUITests.xctest */;
			productType = "com.apple.product-type.bundle.ui-testing";
		};
/* End PBXNativeTarget section */

/* Begin PBXProject section */
		6DE4CF471C52041D0017B3EF /* Project object */ = {
			isa = PBXProject;
			attributes = {
				LastSwiftUpdateCheck = 0720;
				LastUpgradeCheck = 0720;
				ORGANIZATIONNAME = leacode;
				TargetAttributes = {
					6DE4CF4E1C52041D0017B3EF = {
						CreatedOnToolsVersion = 7.2;
					};
					6DE4CF651C52041D0017B3EF = {
						CreatedOnToolsVersion = 7.2;
						TestTargetID = 6DE4CF4E1C52041D0017B3EF;
					};
					6DE4CF701C52041D0017B3EF = {
						CreatedOnToolsVersion = 7.2;
						TestTargetID = 6DE4CF4E1C52041D0017B3EF;
					};
				};
			};
			buildConfigurationList = 6DE4CF4A1C52041D0017B3EF /* Build configuration list for PBXProject "LCYCoreDataHelperExample" */;
			compatibilityVersion = "Xcode 3.2";
			developmentRegion = English;
			hasScannedForEncodings = 0;
			knownRegions = (
				en,
				Base,
			);
			mainGroup = 6DE4CF461C52041D0017B3EF;
			productRefGroup = 6DE4CF501C52041D0017B3EF /* Products */;
			projectDirPath = "";
			projectRoot = "";
			targets = (
				6DE4CF4E1C52041D0017B3EF /* LCYCoreDataHelperExample */,
				6DE4CF651C52041D0017B3EF /* LCYCoreDataHelperExampleTests */,
				6DE4CF701C52041D0017B3EF /* LCYCoreDataHelperExampleUITests */,
			);
		};
/* End PBXProject section */

/* Begin PBXResourcesBuildPhase section */
		6DE4CF4D1C52041D0017B3EF /* Resources */ = {
			isa = PBXResourcesBuildPhase;
			buildActionMask = 2147483647;
			files = (
				6DE4CF601C52041D0017B3EF /* LaunchScreen.storyboard in Resources */,
				6DB994AD1C5B5FF5008F0F26 /* DefaultData.sqlite in Resources */,
				6DE4CF5D1C52041D0017B3EF /* Assets.xcassets in Resources */,
				6DE4CF581C52041D0017B3EF /* Main.storyboard in Resources */,
			);
			runOnlyForDeploymentPostprocessing = 0;
		};
		6DE4CF641C52041D0017B3EF /* Resources */ = {
			isa = PBXResourcesBuildPhase;
			buildActionMask = 2147483647;
			files = (
			);
			runOnlyForDeploymentPostprocessing = 0;
		};
		6DE4CF6F1C52041D0017B3EF /* Resources */ = {
			isa = PBXResourcesBuildPhase;
			buildActionMask = 2147483647;
			files = (
			);
			runOnlyForDeploymentPostprocessing = 0;
		};
/* End PBXResourcesBuildPhase section */

/* Begin PBXSourcesBuildPhase section */
		6DE4CF4B1C52041D0017B3EF /* Sources */ = {
			isa = PBXSourcesBuildPhase;
			buildActionMask = 2147483647;
			files = (
				6DE4CF551C52041D0017B3EF /* CoreDataCollectionViewExample.swift in Sources */,
				6DE4CF5B1C52041D0017B3EF /* LCYCoreDataHelperExample.xcdatamodeld in Sources */,
				6DF2AA7E1C5530470094AA75 /* CoreDataCollectionViewControllerExample.swift in Sources */,
				6DBCF6891C59A33300168D5C /* Address+CoreDataProperties.swift in Sources */,
				6D8CECCC1C54E3BE002BBF55 /* CoreDataTableViewController.swift in Sources */,
				6D8CECCE1C552780002BBF55 /* CoreDataTableViewExample.swift in Sources */,
				6DBCF68A1C59A33300168D5C /* Address.swift in Sources */,
				6D59B7141C5CFBCC00754672 /* ImportedDataViewController.swift in Sources */,
				6D8CECC91C54E009002BBF55 /* Product+CoreDataProperties.swift in Sources */,
				6D7E27921C5215310010E4B6 /* User+CoreDataProperties.swift in Sources */,
				6D7E27931C5215310010E4B6 /* User.swift in Sources */,
				6DE4CF531C52041D0017B3EF /* AppDelegate.swift in Sources */,
				6D8CECCA1C54E009002BBF55 /* Product.swift in Sources */,
			);
			runOnlyForDeploymentPostprocessing = 0;
		};
		6DE4CF621C52041D0017B3EF /* Sources */ = {
			isa = PBXSourcesBuildPhase;
			buildActionMask = 2147483647;
			files = (
				6DE4CF6B1C52041D0017B3EF /* LCYCoreDataHelperExampleTests.swift in Sources */,
			);
			runOnlyForDeploymentPostprocessing = 0;
		};
		6DE4CF6D1C52041D0017B3EF /* Sources */ = {
			isa = PBXSourcesBuildPhase;
			buildActionMask = 2147483647;
			files = (
				6DE4CF761C52041D0017B3EF /* LCYCoreDataHelperExampleUITests.swift in Sources */,
			);
			runOnlyForDeploymentPostprocessing = 0;
		};
/* End PBXSourcesBuildPhase section */

/* Begin PBXTargetDependency section */
		6DE4CF681C52041D0017B3EF /* PBXTargetDependency */ = {
			isa = PBXTargetDependency;
			target = 6DE4CF4E1C52041D0017B3EF /* LCYCoreDataHelperExample */;
			targetProxy = 6DE4CF671C52041D0017B3EF /* PBXContainerItemProxy */;
		};
		6DE4CF731C52041D0017B3EF /* PBXTargetDependency */ = {
			isa = PBXTargetDependency;
			target = 6DE4CF4E1C52041D0017B3EF /* LCYCoreDataHelperExample */;
			targetProxy = 6DE4CF721C52041D0017B3EF /* PBXContainerItemProxy */;
		};
/* End PBXTargetDependency section */

/* Begin PBXVariantGroup section */
		6DE4CF561C52041D0017B3EF /* Main.storyboard */ = {
			isa = PBXVariantGroup;
			children = (
				6DE4CF571C52041D0017B3EF /* Base */,
			);
			name = Main.storyboard;
			sourceTree = "<group>";
		};
		6DE4CF5E1C52041D0017B3EF /* LaunchScreen.storyboard */ = {
			isa = PBXVariantGroup;
			children = (
				6DE4CF5F1C52041D0017B3EF /* Base */,
			);
			name = LaunchScreen.storyboard;
			sourceTree = "<group>";
		};
/* End PBXVariantGroup section */

/* Begin XCBuildConfiguration section */
		6DE4CF781C52041D0017B3EF /* Debug */ = {
			isa = XCBuildConfiguration;
			buildSettings = {
				ALWAYS_SEARCH_USER_PATHS = NO;
				CLANG_CXX_LANGUAGE_STANDARD = "gnu++0x";
				CLANG_CXX_LIBRARY = "libc++";
				CLANG_ENABLE_MODULES = YES;
				CLANG_ENABLE_OBJC_ARC = YES;
				CLANG_WARN_BOOL_CONVERSION = YES;
				CLANG_WARN_CONSTANT_CONVERSION = YES;
				CLANG_WARN_DIRECT_OBJC_ISA_USAGE = YES_ERROR;
				CLANG_WARN_EMPTY_BODY = YES;
				CLANG_WARN_ENUM_CONVERSION = YES;
				CLANG_WARN_INT_CONVERSION = YES;
				CLANG_WARN_OBJC_ROOT_CLASS = YES_ERROR;
				CLANG_WARN_UNREACHABLE_CODE = YES;
				CLANG_WARN__DUPLICATE_METHOD_MATCH = YES;
				"CODE_SIGN_IDENTITY[sdk=iphoneos*]" = "iPhone Developer";
				COPY_PHASE_STRIP = NO;
				DEBUG_INFORMATION_FORMAT = dwarf;
				ENABLE_STRICT_OBJC_MSGSEND = YES;
				ENABLE_TESTABILITY = YES;
				GCC_C_LANGUAGE_STANDARD = gnu99;
				GCC_DYNAMIC_NO_PIC = NO;
				GCC_NO_COMMON_BLOCKS = YES;
				GCC_OPTIMIZATION_LEVEL = 0;
				GCC_PREPROCESSOR_DEFINITIONS = (
					"DEBUG=1",
					"$(inherited)",
				);
				GCC_WARN_64_TO_32_BIT_CONVERSION = YES;
				GCC_WARN_ABOUT_RETURN_TYPE = YES_ERROR;
				GCC_WARN_UNDECLARED_SELECTOR = YES;
				GCC_WARN_UNINITIALIZED_AUTOS = YES_AGGRESSIVE;
				GCC_WARN_UNUSED_FUNCTION = YES;
				GCC_WARN_UNUSED_VARIABLE = YES;
				IPHONEOS_DEPLOYMENT_TARGET = 8.0;
				MTL_ENABLE_DEBUG_INFO = YES;
				ONLY_ACTIVE_ARCH = YES;
				SDKROOT = iphoneos;
				SWIFT_OPTIMIZATION_LEVEL = "-Onone";
				TARGETED_DEVICE_FAMILY = "1,2";
			};
			name = Debug;
		};
		6DE4CF791C52041D0017B3EF /* Release */ = {
			isa = XCBuildConfiguration;
			buildSettings = {
				ALWAYS_SEARCH_USER_PATHS = NO;
				CLANG_CXX_LANGUAGE_STANDARD = "gnu++0x";
				CLANG_CXX_LIBRARY = "libc++";
				CLANG_ENABLE_MODULES = YES;
				CLANG_ENABLE_OBJC_ARC = YES;
				CLANG_WARN_BOOL_CONVERSION = YES;
				CLANG_WARN_CONSTANT_CONVERSION = YES;
				CLANG_WARN_DIRECT_OBJC_ISA_USAGE = YES_ERROR;
				CLANG_WARN_EMPTY_BODY = YES;
				CLANG_WARN_ENUM_CONVERSION = YES;
				CLANG_WARN_INT_CONVERSION = YES;
				CLANG_WARN_OBJC_ROOT_CLASS = YES_ERROR;
				CLANG_WARN_UNREACHABLE_CODE = YES;
				CLANG_WARN__DUPLICATE_METHOD_MATCH = YES;
				"CODE_SIGN_IDENTITY[sdk=iphoneos*]" = "iPhone Developer";
				COPY_PHASE_STRIP = NO;
				DEBUG_INFORMATION_FORMAT = "dwarf-with-dsym";
				ENABLE_NS_ASSERTIONS = NO;
				ENABLE_STRICT_OBJC_MSGSEND = YES;
				GCC_C_LANGUAGE_STANDARD = gnu99;
				GCC_NO_COMMON_BLOCKS = YES;
				GCC_WARN_64_TO_32_BIT_CONVERSION = YES;
				GCC_WARN_ABOUT_RETURN_TYPE = YES_ERROR;
				GCC_WARN_UNDECLARED_SELECTOR = YES;
				GCC_WARN_UNINITIALIZED_AUTOS = YES_AGGRESSIVE;
				GCC_WARN_UNUSED_FUNCTION = YES;
				GCC_WARN_UNUSED_VARIABLE = YES;
				IPHONEOS_DEPLOYMENT_TARGET = 8.0;
				MTL_ENABLE_DEBUG_INFO = NO;
				SDKROOT = iphoneos;
				TARGETED_DEVICE_FAMILY = "1,2";
				VALIDATE_PRODUCT = YES;
			};
			name = Release;
		};
		6DE4CF7B1C52041D0017B3EF /* Debug */ = {
			isa = XCBuildConfiguration;
			buildSettings = {
				ASSETCATALOG_COMPILER_APPICON_NAME = AppIcon;
				INFOPLIST_FILE = LCYCoreDataHelperExample/Info.plist;
				IPHONEOS_DEPLOYMENT_TARGET = 8.0;
				LD_RUNPATH_SEARCH_PATHS = "$(inherited) @executable_path/Frameworks";
				PRODUCT_BUNDLE_IDENTIFIER = com.leacode.LCYCoreDataHelperExample;
				PRODUCT_NAME = "$(TARGET_NAME)";
			};
			name = Debug;
		};
		6DE4CF7C1C52041D0017B3EF /* Release */ = {
			isa = XCBuildConfiguration;
			buildSettings = {
				ASSETCATALOG_COMPILER_APPICON_NAME = AppIcon;
				INFOPLIST_FILE = LCYCoreDataHelperExample/Info.plist;
				IPHONEOS_DEPLOYMENT_TARGET = 8.0;
				LD_RUNPATH_SEARCH_PATHS = "$(inherited) @executable_path/Frameworks";
				PRODUCT_BUNDLE_IDENTIFIER = com.leacode.LCYCoreDataHelperExample;
				PRODUCT_NAME = "$(TARGET_NAME)";
			};
			name = Release;
		};
		6DE4CF7E1C52041D0017B3EF /* Debug */ = {
			isa = XCBuildConfiguration;
			buildSettings = {
				BUNDLE_LOADER = "$(TEST_HOST)";
				INFOPLIST_FILE = LCYCoreDataHelperExampleTests/Info.plist;
				LD_RUNPATH_SEARCH_PATHS = "$(inherited) @executable_path/Frameworks @loader_path/Frameworks";
				PRODUCT_BUNDLE_IDENTIFIER = com.leacode.LCYCoreDataHelperExampleTests;
				PRODUCT_NAME = "$(TARGET_NAME)";
				TEST_HOST = "$(BUILT_PRODUCTS_DIR)/LCYCoreDataHelperExample.app/LCYCoreDataHelperExample";
			};
			name = Debug;
		};
		6DE4CF7F1C52041D0017B3EF /* Release */ = {
			isa = XCBuildConfiguration;
			buildSettings = {
				BUNDLE_LOADER = "$(TEST_HOST)";
				INFOPLIST_FILE = LCYCoreDataHelperExampleTests/Info.plist;
				LD_RUNPATH_SEARCH_PATHS = "$(inherited) @executable_path/Frameworks @loader_path/Frameworks";
				PRODUCT_BUNDLE_IDENTIFIER = com.leacode.LCYCoreDataHelperExampleTests;
				PRODUCT_NAME = "$(TARGET_NAME)";
				TEST_HOST = "$(BUILT_PRODUCTS_DIR)/LCYCoreDataHelperExample.app/LCYCoreDataHelperExample";
			};
			name = Release;
		};
		6DE4CF811C52041D0017B3EF /* Debug */ = {
			isa = XCBuildConfiguration;
			buildSettings = {
				INFOPLIST_FILE = LCYCoreDataHelperExampleUITests/Info.plist;
				LD_RUNPATH_SEARCH_PATHS = "$(inherited) @executable_path/Frameworks @loader_path/Frameworks";
				PRODUCT_BUNDLE_IDENTIFIER = com.leacode.LCYCoreDataHelperExampleUITests;
				PRODUCT_NAME = "$(TARGET_NAME)";
				TEST_TARGET_NAME = LCYCoreDataHelperExample;
				USES_XCTRUNNER = YES;
			};
			name = Debug;
		};
		6DE4CF821C52041D0017B3EF /* Release */ = {
			isa = XCBuildConfiguration;
			buildSettings = {
				INFOPLIST_FILE = LCYCoreDataHelperExampleUITests/Info.plist;
				LD_RUNPATH_SEARCH_PATHS = "$(inherited) @executable_path/Frameworks @loader_path/Frameworks";
				PRODUCT_BUNDLE_IDENTIFIER = com.leacode.LCYCoreDataHelperExampleUITests;
				PRODUCT_NAME = "$(TARGET_NAME)";
				TEST_TARGET_NAME = LCYCoreDataHelperExample;
				USES_XCTRUNNER = YES;
			};
			name = Release;
		};
/* End XCBuildConfiguration section */

/* Begin XCConfigurationList section */
		6DE4CF4A1C52041D0017B3EF /* Build configuration list for PBXProject "LCYCoreDataHelperExample" */ = {
			isa = XCConfigurationList;
			buildConfigurations = (
				6DE4CF781C52041D0017B3EF /* Debug */,
				6DE4CF791C52041D0017B3EF /* Release */,
			);
			defaultConfigurationIsVisible = 0;
			defaultConfigurationName = Release;
		};
		6DE4CF7A1C52041D0017B3EF /* Build configuration list for PBXNativeTarget "LCYCoreDataHelperExample" */ = {
			isa = XCConfigurationList;
			buildConfigurations = (
				6DE4CF7B1C52041D0017B3EF /* Debug */,
				6DE4CF7C1C52041D0017B3EF /* Release */,
			);
			defaultConfigurationIsVisible = 0;
			defaultConfigurationName = Release;
		};
		6DE4CF7D1C52041D0017B3EF /* Build configuration list for PBXNativeTarget "LCYCoreDataHelperExampleTests" */ = {
			isa = XCConfigurationList;
			buildConfigurations = (
				6DE4CF7E1C52041D0017B3EF /* Debug */,
				6DE4CF7F1C52041D0017B3EF /* Release */,
			);
			defaultConfigurationIsVisible = 0;
			defaultConfigurationName = Release;
		};
		6DE4CF801C52041D0017B3EF /* Build configuration list for PBXNativeTarget "LCYCoreDataHelperExampleUITests" */ = {
			isa = XCConfigurationList;
			buildConfigurations = (
				6DE4CF811C52041D0017B3EF /* Debug */,
				6DE4CF821C52041D0017B3EF /* Release */,
			);
			defaultConfigurationIsVisible = 0;
			defaultConfigurationName = Release;
		};
/* End XCConfigurationList section */

/* Begin XCVersionGroup section */
		6DE4CF591C52041D0017B3EF /* LCYCoreDataHelperExample.xcdatamodeld */ = {
			isa = XCVersionGroup;
			children = (
				6D8CECC61C54DF00002BBF55 /* LCYCoreDataHelperExample 2.xcdatamodel */,
				6DE4CF5A1C52041D0017B3EF /* LCYCoreDataHelperExample.xcdatamodel */,
			);
			currentVersion = 6D8CECC61C54DF00002BBF55 /* LCYCoreDataHelperExample 2.xcdatamodel */;
			path = LCYCoreDataHelperExample.xcdatamodeld;
			sourceTree = "<group>";
			versionGroupType = wrapper.xcdatamodel;
		};
/* End XCVersionGroup section */
	};
	rootObject = 6DE4CF471C52041D0017B3EF /* Project object */;
}
