// !$*UTF8*$!
{
	archiveVersion = 1;
	classes = {
	};
	objectVersion = 46;
	objects = {

/* Begin PBXBuildFile section */
		6DCA96581C68A1FB0042F5F6 /* AppDelegate.swift in Sources */ = {isa = PBXBuildFile; fileRef = 6DCA96571C68A1FB0042F5F6 /* AppDelegate.swift */; };
		6DCA965A1C68A1FB0042F5F6 /* ViewController.swift in Sources */ = {isa = PBXBuildFile; fileRef = 6DCA96591C68A1FB0042F5F6 /* ViewController.swift */; };
		6DCA965D1C68A1FB0042F5F6 /* Main.storyboard in Resources */ = {isa = PBXBuildFile; fileRef = 6DCA965B1C68A1FB0042F5F6 /* Main.storyboard */; };
		6DCA965F1C68A1FB0042F5F6 /* Assets.xcassets in Resources */ = {isa = PBXBuildFile; fileRef = 6DCA965E1C68A1FB0042F5F6 /* Assets.xcassets */; };
		6DCA96621C68A1FB0042F5F6 /* LaunchScreen.storyboard in Resources */ = {isa = PBXBuildFile; fileRef = 6DCA96601C68A1FB0042F5F6 /* LaunchScreen.storyboard */; };
		6DCA966A1C68A3300042F5F6 /* LCYCoreDataHelper.framework in Frameworks */ = {isa = PBXBuildFile; fileRef = 6DCA96691C68A3300042F5F6 /* LCYCoreDataHelper.framework */; };
		6DCA966B1C68A3300042F5F6 /* LCYCoreDataHelper.framework in Embed Frameworks */ = {isa = PBXBuildFile; fileRef = 6DCA96691C68A3300042F5F6 /* LCYCoreDataHelper.framework */; settings = {ATTRIBUTES = (CodeSignOnCopy, RemoveHeadersOnCopy, ); }; };
/* End PBXBuildFile section */

/* Begin PBXCopyFilesBuildPhase section */
		6DCA966C1C68A3300042F5F6 /* Embed Frameworks */ = {
			isa = PBXCopyFilesBuildPhase;
			buildActionMask = 2147483647;
			dstPath = "";
			dstSubfolderSpec = 10;
			files = (
				6DCA966B1C68A3300042F5F6 /* LCYCoreDataHelper.framework in Embed Frameworks */,
			);
			name = "Embed Frameworks";
			runOnlyForDeploymentPostprocessing = 0;
		};
/* End PBXCopyFilesBuildPhase section */

/* Begin PBXFileReference section */
		6DCA96541C68A1FB0042F5F6 /* LCYCoreDataHelperICloudExample.app */ = {isa = PBXFileReference; explicitFileType = wrapper.application; includeInIndex = 0; path = LCYCoreDataHelperICloudExample.app; sourceTree = BUILT_PRODUCTS_DIR; };
		6DCA96571C68A1FB0042F5F6 /* AppDelegate.swift */ = {isa = PBXFileReference; lastKnownFileType = sourcecode.swift; path = AppDelegate.swift; sourceTree = "<group>"; };
		6DCA96591C68A1FB0042F5F6 /* ViewController.swift */ = {isa = PBXFileReference; lastKnownFileType = sourcecode.swift; path = ViewController.swift; sourceTree = "<group>"; };
		6DCA965C1C68A1FB0042F5F6 /* Base */ = {isa = PBXFileReference; lastKnownFileType = file.storyboard; name = Base; path = Base.lproj/Main.storyboard; sourceTree = "<group>"; };
		6DCA965E1C68A1FB0042F5F6 /* Assets.xcassets */ = {isa = PBXFileReference; lastKnownFileType = folder.assetcatalog; path = Assets.xcassets; sourceTree = "<group>"; };
		6DCA96611C68A1FB0042F5F6 /* Base */ = {isa = PBXFileReference; lastKnownFileType = file.storyboard; name = Base; path = Base.lproj/LaunchScreen.storyboard; sourceTree = "<group>"; };
		6DCA96631C68A1FB0042F5F6 /* Info.plist */ = {isa = PBXFileReference; lastKnownFileType = text.plist.xml; path = Info.plist; sourceTree = "<group>"; };
		6DCA96691C68A3300042F5F6 /* LCYCoreDataHelper.framework */ = {isa = PBXFileReference; explicitFileType = wrapper.framework; name = LCYCoreDataHelper.framework; path = "/Users/leacode/Library/Developer/Xcode/DerivedData/LCYCoreDataHelper-bzgkedveijbhcdejyimbtfjztvzz/Build/Products/Debug-iphoneos/LCYCoreDataHelper.framework"; sourceTree = "<absolute>"; };
		6DCA966D1C68A3800042F5F6 /* LCYCoreDataHelperICloudExample.entitlements */ = {isa = PBXFileReference; lastKnownFileType = text.xml; path = LCYCoreDataHelperICloudExample.entitlements; sourceTree = "<group>"; };
/* End PBXFileReference section */

/* Begin PBXFrameworksBuildPhase section */
		6DCA96511C68A1FB0042F5F6 /* Frameworks */ = {
			isa = PBXFrameworksBuildPhase;
			buildActionMask = 2147483647;
			files = (
				6DCA966A1C68A3300042F5F6 /* LCYCoreDataHelper.framework in Frameworks */,
			);
			runOnlyForDeploymentPostprocessing = 0;
		};
/* End PBXFrameworksBuildPhase section */

/* Begin PBXGroup section */
		6DCA964B1C68A1FA0042F5F6 = {
			isa = PBXGroup;
			children = (
				6DCA96691C68A3300042F5F6 /* LCYCoreDataHelper.framework */,
				6DCA96561C68A1FB0042F5F6 /* LCYCoreDataHelperICloudExample */,
				6DCA96551C68A1FB0042F5F6 /* Products */,
			);
			sourceTree = "<group>";
		};
		6DCA96551C68A1FB0042F5F6 /* Products */ = {
			isa = PBXGroup;
			children = (
				6DCA96541C68A1FB0042F5F6 /* LCYCoreDataHelperICloudExample.app */,
			);
			name = Products;
			sourceTree = "<group>";
		};
		6DCA96561C68A1FB0042F5F6 /* LCYCoreDataHelperICloudExample */ = {
			isa = PBXGroup;
			children = (
				6DCA966D1C68A3800042F5F6 /* LCYCoreDataHelperICloudExample.entitlements */,
				6DCA96571C68A1FB0042F5F6 /* AppDelegate.swift */,
				6DCA96591C68A1FB0042F5F6 /* ViewController.swift */,
				6DCA965B1C68A1FB0042F5F6 /* Main.storyboard */,
				6DCA965E1C68A1FB0042F5F6 /* Assets.xcassets */,
				6DCA96601C68A1FB0042F5F6 /* LaunchScreen.storyboard */,
				6DCA96631C68A1FB0042F5F6 /* Info.plist */,
			);
			path = LCYCoreDataHelperICloudExample;
			sourceTree = "<group>";
		};
/* End PBXGroup section */

/* Begin PBXNativeTarget section */
		6DCA96531C68A1FB0042F5F6 /* LCYCoreDataHelperICloudExample */ = {
			isa = PBXNativeTarget;
			buildConfigurationList = 6DCA96661C68A1FB0042F5F6 /* Build configuration list for PBXNativeTarget "LCYCoreDataHelperICloudExample" */;
			buildPhases = (
				6DCA96501C68A1FB0042F5F6 /* Sources */,
				6DCA96511C68A1FB0042F5F6 /* Frameworks */,
				6DCA96521C68A1FB0042F5F6 /* Resources */,
				6DCA966C1C68A3300042F5F6 /* Embed Frameworks */,
			);
			buildRules = (
			);
			dependencies = (
			);
			name = LCYCoreDataHelperICloudExample;
			productName = LCYCoreDataHelperICloudExample;
			productReference = 6DCA96541C68A1FB0042F5F6 /* LCYCoreDataHelperICloudExample.app */;
			productType = "com.apple.product-type.application";
		};
/* End PBXNativeTarget section */

/* Begin PBXProject section */
		6DCA964C1C68A1FA0042F5F6 /* Project object */ = {
			isa = PBXProject;
			attributes = {
				LastSwiftUpdateCheck = 0720;
				LastUpgradeCheck = 0720;
				ORGANIZATIONNAME = leacode;
				TargetAttributes = {
					6DCA96531C68A1FB0042F5F6 = {
						CreatedOnToolsVersion = 7.2.1;
						DevelopmentTeam = Y85J467HQH;
						SystemCapabilities = {
							com.apple.iCloud = {
								enabled = 0;
							};
						};
					};
				};
			};
			buildConfigurationList = 6DCA964F1C68A1FA0042F5F6 /* Build configuration list for PBXProject "LCYCoreDataHelperICloudExample" */;
			compatibilityVersion = "Xcode 3.2";
			developmentRegion = English;
			hasScannedForEncodings = 0;
			knownRegions = (
				en,
				Base,
			);
			mainGroup = 6DCA964B1C68A1FA0042F5F6;
			productRefGroup = 6DCA96551C68A1FB0042F5F6 /* Products */;
			projectDirPath = "";
			projectRoot = "";
			targets = (
				6DCA96531C68A1FB0042F5F6 /* LCYCoreDataHelperICloudExample */,
			);
		};
/* End PBXProject section */

/* Begin PBXResourcesBuildPhase section */
		6DCA96521C68A1FB0042F5F6 /* Resources */ = {
			isa = PBXResourcesBuildPhase;
			buildActionMask = 2147483647;
			files = (
				6DCA96621C68A1FB0042F5F6 /* LaunchScreen.storyboard in Resources */,
				6DCA965F1C68A1FB0042F5F6 /* Assets.xcassets in Resources */,
				6DCA965D1C68A1FB0042F5F6 /* Main.storyboard in Resources */,
			);
			runOnlyForDeploymentPostprocessing = 0;
		};
/* End PBXResourcesBuildPhase section */

/* Begin PBXSourcesBuildPhase section */
		6DCA96501C68A1FB0042F5F6 /* Sources */ = {
			isa = PBXSourcesBuildPhase;
			buildActionMask = 2147483647;
			files = (
				6DCA965A1C68A1FB0042F5F6 /* ViewController.swift in Sources */,
				6DCA96581C68A1FB0042F5F6 /* AppDelegate.swift in Sources */,
			);
			runOnlyForDeploymentPostprocessing = 0;
		};
/* End PBXSourcesBuildPhase section */

/* Begin PBXVariantGroup section */
		6DCA965B1C68A1FB0042F5F6 /* Main.storyboard */ = {
			isa = PBXVariantGroup;
			children = (
				6DCA965C1C68A1FB0042F5F6 /* Base */,
			);
			name = Main.storyboard;
			sourceTree = "<group>";
		};
		6DCA96601C68A1FB0042F5F6 /* LaunchScreen.storyboard */ = {
			isa = PBXVariantGroup;
			children = (
				6DCA96611C68A1FB0042F5F6 /* Base */,
			);
			name = LaunchScreen.storyboard;
			sourceTree = "<group>";
		};
/* End PBXVariantGroup section */

/* Begin XCBuildConfiguration section */
		6DCA96641C68A1FB0042F5F6 /* Debug */ = {
			isa = XCBuildConfiguration;
			buildSettings = {
				ALWAYS_SEARCH_USER_PATHS = NO;
				CLANG_CXX_LANGUAGE_STANDARD = "gnu++0x";
				CLANG_CXX_LIBRARY = "libc++";
				CLANG_ENABLE_MODULES = YES;
				CLANG_ENABLE_OBJC_ARC = YES;
				CLANG_WARN_BOOL_CONVERSION = YES;
				CLANG_WARN_CONSTANT_CONVERSION = YES;
				CLANG_WARN_DIRECT_OBJC_ISA_USAGE = YES_ERROR;
				CLANG_WARN_EMPTY_BODY = YES;
				CLANG_WARN_ENUM_CONVERSION = YES;
				CLANG_WARN_INT_CONVERSION = YES;
				CLANG_WARN_OBJC_ROOT_CLASS = YES_ERROR;
				CLANG_WARN_UNREACHABLE_CODE = YES;
				CLANG_WARN__DUPLICATE_METHOD_MATCH = YES;
				"CODE_SIGN_IDENTITY[sdk=iphoneos*]" = "iPhone Developer";
				COPY_PHASE_STRIP = NO;
				DEBUG_INFORMATION_FORMAT = dwarf;
				ENABLE_STRICT_OBJC_MSGSEND = YES;
				ENABLE_TESTABILITY = YES;
				GCC_C_LANGUAGE_STANDARD = gnu99;
				GCC_DYNAMIC_NO_PIC = NO;
				GCC_NO_COMMON_BLOCKS = YES;
				GCC_OPTIMIZATION_LEVEL = 0;
				GCC_PREPROCESSOR_DEFINITIONS = (
					"DEBUG=1",
					"$(inherited)",
				);
				GCC_WARN_64_TO_32_BIT_CONVERSION = YES;
				GCC_WARN_ABOUT_RETURN_TYPE = YES_ERROR;
				GCC_WARN_UNDECLARED_SELECTOR = YES;
				GCC_WARN_UNINITIALIZED_AUTOS = YES_AGGRESSIVE;
				GCC_WARN_UNUSED_FUNCTION = YES;
				GCC_WARN_UNUSED_VARIABLE = YES;
				IPHONEOS_DEPLOYMENT_TARGET = 9.2;
				MTL_ENABLE_DEBUG_INFO = YES;
				ONLY_ACTIVE_ARCH = YES;
				SDKROOT = iphoneos;
				SWIFT_OPTIMIZATION_LEVEL = "-Onone";
				TARGETED_DEVICE_FAMILY = "1,2";
			};
			name = Debug;
		};
		6DCA96651C68A1FB0042F5F6 /* Release */ = {
			isa = XCBuildConfiguration;
			buildSettings = {
				ALWAYS_SEARCH_USER_PATHS = NO;
				CLANG_CXX_LANGUAGE_STANDARD = "gnu++0x";
				CLANG_CXX_LIBRARY = "libc++";
				CLANG_ENABLE_MODULES = YES;
				CLANG_ENABLE_OBJC_ARC = YES;
				CLANG_WARN_BOOL_CONVERSION = YES;
				CLANG_WARN_CONSTANT_CONVERSION = YES;
				CLANG_WARN_DIRECT_OBJC_ISA_USAGE = YES_ERROR;
				CLANG_WARN_EMPTY_BODY = YES;
				CLANG_WARN_ENUM_CONVERSION = YES;
				CLANG_WARN_INT_CONVERSION = YES;
				CLANG_WARN_OBJC_ROOT_CLASS = YES_ERROR;
				CLANG_WARN_UNREACHABLE_CODE = YES;
				CLANG_WARN__DUPLICATE_METHOD_MATCH = YES;
				"CODE_SIGN_IDENTITY[sdk=iphoneos*]" = "iPhone Developer";
				COPY_PHASE_STRIP = NO;
				DEBUG_INFORMATION_FORMAT = "dwarf-with-dsym";
				ENABLE_NS_ASSERTIONS = NO;
				ENABLE_STRICT_OBJC_MSGSEND = YES;
				GCC_C_LANGUAGE_STANDARD = gnu99;
				GCC_NO_COMMON_BLOCKS = YES;
				GCC_WARN_64_TO_32_BIT_CONVERSION = YES;
				GCC_WARN_ABOUT_RETURN_TYPE = YES_ERROR;
				GCC_WARN_UNDECLARED_SELECTOR = YES;
				GCC_WARN_UNINITIALIZED_AUTOS = YES_AGGRESSIVE;
				GCC_WARN_UNUSED_FUNCTION = YES;
				GCC_WARN_UNUSED_VARIABLE = YES;
				IPHONEOS_DEPLOYMENT_TARGET = 9.2;
				MTL_ENABLE_DEBUG_INFO = NO;
				SDKROOT = iphoneos;
				TARGETED_DEVICE_FAMILY = "1,2";
				VALIDATE_PRODUCT = YES;
			};
			name = Release;
		};
		6DCA96671C68A1FB0042F5F6 /* Debug */ = {
			isa = XCBuildConfiguration;
			buildSettings = {
				ASSETCATALOG_COMPILER_APPICON_NAME = AppIcon;
				CODE_SIGN_IDENTITY = "iPhone Developer";
				"CODE_SIGN_IDENTITY[sdk=iphoneos*]" = "iPhone Developer";
				INFOPLIST_FILE = LCYCoreDataHelperICloudExample/Info.plist;
				LD_RUNPATH_SEARCH_PATHS = "$(inherited) @executable_path/Frameworks";
				PRODUCT_BUNDLE_IDENTIFIER = com.leacode.LCYCoreDataHelperICloudExample;
				PRODUCT_NAME = "$(TARGET_NAME)";
				PROVISIONING_PROFILE = "";
			};
			name = Debug;
		};
		6DCA96681C68A1FB0042F5F6 /* Release */ = {
			isa = XCBuildConfiguration;
			buildSettings = {
				ASSETCATALOG_COMPILER_APPICON_NAME = AppIcon;
				CODE_SIGN_IDENTITY = "iPhone Developer";
				"CODE_SIGN_IDENTITY[sdk=iphoneos*]" = "iPhone Developer";
				INFOPLIST_FILE = LCYCoreDataHelperICloudExample/Info.plist;
				LD_RUNPATH_SEARCH_PATHS = "$(inherited) @executable_path/Frameworks";
				PRODUCT_BUNDLE_IDENTIFIER = com.leacode.LCYCoreDataHelperICloudExample;
				PRODUCT_NAME = "$(TARGET_NAME)";
				PROVISIONING_PROFILE = "";
			};
			name = Release;
		};
/* End XCBuildConfiguration section */

/* Begin XCConfigurationList section */
		6DCA964F1C68A1FA0042F5F6 /* Build configuration list for PBXProject "LCYCoreDataHelperICloudExample" */ = {
			isa = XCConfigurationList;
			buildConfigurations = (
				6DCA96641C68A1FB0042F5F6 /* Debug */,
				6DCA96651C68A1FB0042F5F6 /* Release */,
			);
			defaultConfigurationIsVisible = 0;
			defaultConfigurationName = Release;
		};
		6DCA96661C68A1FB0042F5F6 /* Build configuration list for PBXNativeTarget "LCYCoreDataHelperICloudExample" */ = {
			isa = XCConfigurationList;
			buildConfigurations = (
				6DCA96671C68A1FB0042F5F6 /* Debug */,
				6DCA96681C68A1FB0042F5F6 /* Release */,
			);
			defaultConfigurationIsVisible = 0;
			defaultConfigurationName = Release;
		};
/* End XCConfigurationList section */
	};
	rootObject = 6DCA964C1C68A1FA0042F5F6 /* Project object */;
}
